// !$*UTF8*$!
{
	archiveVersion = 1;
	classes = {
	};
	objectVersion = 50;
	objects = {

/* Begin PBXBuildFile section */
		31168A1B25B4868B004D8610 /* AppDelegate.swift in Sources */ = {isa = PBXBuildFile; fileRef = 31168A1A25B4868B004D8610 /* AppDelegate.swift */; };
		31168A1D25B4868B004D8610 /* SceneDelegate.swift in Sources */ = {isa = PBXBuildFile; fileRef = 31168A1C25B4868B004D8610 /* SceneDelegate.swift */; };
		31168A1F25B4868B004D8610 /* CurrencyConversionViewController.swift in Sources */ = {isa = PBXBuildFile; fileRef = 31168A1E25B4868B004D8610 /* CurrencyConversionViewController.swift */; };
		31168A2225B4868B004D8610 /* Main.storyboard in Resources */ = {isa = PBXBuildFile; fileRef = 31168A2025B4868B004D8610 /* Main.storyboard */; };
		31168A2425B4868E004D8610 /* Assets.xcassets in Resources */ = {isa = PBXBuildFile; fileRef = 31168A2325B4868E004D8610 /* Assets.xcassets */; };
		31168A2725B4868E004D8610 /* LaunchScreen.storyboard in Resources */ = {isa = PBXBuildFile; fileRef = 31168A2525B4868E004D8610 /* LaunchScreen.storyboard */; };
		31168A3225B4868E004D8610 /* CurrencyConversionTests.swift in Sources */ = {isa = PBXBuildFile; fileRef = 31168A3125B4868E004D8610 /* CurrencyConversionTests.swift */; };
		31168A3D25B4868E004D8610 /* CurrencyConversionUITests.swift in Sources */ = {isa = PBXBuildFile; fileRef = 31168A3C25B4868E004D8610 /* CurrencyConversionUITests.swift */; };
/* End PBXBuildFile section */

/* Begin PBXContainerItemProxy section */
		31168A2E25B4868E004D8610 /* PBXContainerItemProxy */ = {
			isa = PBXContainerItemProxy;
			containerPortal = 31168A0F25B4868B004D8610 /* Project object */;
			proxyType = 1;
			remoteGlobalIDString = 31168A1625B4868B004D8610;
			remoteInfo = CurrencyConversion;
		};
		31168A3925B4868E004D8610 /* PBXContainerItemProxy */ = {
			isa = PBXContainerItemProxy;
			containerPortal = 31168A0F25B4868B004D8610 /* Project object */;
			proxyType = 1;
			remoteGlobalIDString = 31168A1625B4868B004D8610;
			remoteInfo = CurrencyConversion;
		};
/* End PBXContainerItemProxy section */

/* Begin PBXFileReference section */
		31168A1725B4868B004D8610 /* CurrencyConversion.app */ = {isa = PBXFileReference; explicitFileType = wrapper.application; includeInIndex = 0; path = CurrencyConversion.app; sourceTree = BUILT_PRODUCTS_DIR; };
		31168A1A25B4868B004D8610 /* AppDelegate.swift */ = {isa = PBXFileReference; lastKnownFileType = sourcecode.swift; path = AppDelegate.swift; sourceTree = "<group>"; };
		31168A1C25B4868B004D8610 /* SceneDelegate.swift */ = {isa = PBXFileReference; lastKnownFileType = sourcecode.swift; path = SceneDelegate.swift; sourceTree = "<group>"; };
		31168A1E25B4868B004D8610 /* CurrencyConversionViewController.swift */ = {isa = PBXFileReference; lastKnownFileType = sourcecode.swift; path = CurrencyConversionViewController.swift; sourceTree = "<group>"; };
		31168A2125B4868B004D8610 /* Base */ = {isa = PBXFileReference; lastKnownFileType = file.storyboard; name = Base; path = Base.lproj/Main.storyboard; sourceTree = "<group>"; };
		31168A2325B4868E004D8610 /* Assets.xcassets */ = {isa = PBXFileReference; lastKnownFileType = folder.assetcatalog; path = Assets.xcassets; sourceTree = "<group>"; };
		31168A2625B4868E004D8610 /* Base */ = {isa = PBXFileReference; lastKnownFileType = file.storyboard; name = Base; path = Base.lproj/LaunchScreen.storyboard; sourceTree = "<group>"; };
		31168A2825B4868E004D8610 /* Info.plist */ = {isa = PBXFileReference; lastKnownFileType = text.plist.xml; path = Info.plist; sourceTree = "<group>"; };
		31168A2D25B4868E004D8610 /* CurrencyConversionTests.xctest */ = {isa = PBXFileReference; explicitFileType = wrapper.cfbundle; includeInIndex = 0; path = CurrencyConversionTests.xctest; sourceTree = BUILT_PRODUCTS_DIR; };
		31168A3125B4868E004D8610 /* CurrencyConversionTests.swift */ = {isa = PBXFileReference; lastKnownFileType = sourcecode.swift; path = CurrencyConversionTests.swift; sourceTree = "<group>"; };
		31168A3325B4868E004D8610 /* Info.plist */ = {isa = PBXFileReference; lastKnownFileType = text.plist.xml; path = Info.plist; sourceTree = "<group>"; };
		31168A3825B4868E004D8610 /* CurrencyConversionUITests.xctest */ = {isa = PBXFileReference; explicitFileType = wrapper.cfbundle; includeInIndex = 0; path = CurrencyConversionUITests.xctest; sourceTree = BUILT_PRODUCTS_DIR; };
		31168A3C25B4868E004D8610 /* CurrencyConversionUITests.swift */ = {isa = PBXFileReference; lastKnownFileType = sourcecode.swift; path = CurrencyConversionUITests.swift; sourceTree = "<group>"; };
		31168A3E25B4868E004D8610 /* Info.plist */ = {isa = PBXFileReference; lastKnownFileType = text.plist.xml; path = Info.plist; sourceTree = "<group>"; };
/* End PBXFileReference section */

/* Begin PBXFrameworksBuildPhase section */
		31168A1425B4868B004D8610 /* Frameworks */ = {
			isa = PBXFrameworksBuildPhase;
			buildActionMask = 2147483647;
			files = (
			);
			runOnlyForDeploymentPostprocessing = 0;
		};
		31168A2A25B4868E004D8610 /* Frameworks */ = {
			isa = PBXFrameworksBuildPhase;
			buildActionMask = 2147483647;
			files = (
			);
			runOnlyForDeploymentPostprocessing = 0;
		};
		31168A3525B4868E004D8610 /* Frameworks */ = {
			isa = PBXFrameworksBuildPhase;
			buildActionMask = 2147483647;
			files = (
			);
			runOnlyForDeploymentPostprocessing = 0;
		};
/* End PBXFrameworksBuildPhase section */

/* Begin PBXGroup section */
		31168A0E25B4868B004D8610 = {
			isa = PBXGroup;
			children = (
				31168A1925B4868B004D8610 /* CurrencyConversion */,
				31168A3025B4868E004D8610 /* CurrencyConversionTests */,
				31168A3B25B4868E004D8610 /* CurrencyConversionUITests */,
				31168A1825B4868B004D8610 /* Products */,
			);
			sourceTree = "<group>";
		};
		31168A1825B4868B004D8610 /* Products */ = {
			isa = PBXGroup;
			children = (
				31168A1725B4868B004D8610 /* CurrencyConversion.app */,
				31168A2D25B4868E004D8610 /* CurrencyConversionTests.xctest */,
				31168A3825B4868E004D8610 /* CurrencyConversionUITests.xctest */,
			);
			name = Products;
			sourceTree = "<group>";
		};
		31168A1925B4868B004D8610 /* CurrencyConversion */ = {
			isa = PBXGroup;
			children = (
				31168A1A25B4868B004D8610 /* AppDelegate.swift */,
				31168A1C25B4868B004D8610 /* SceneDelegate.swift */,
				31168A1E25B4868B004D8610 /* CurrencyConversionViewController.swift */,
				31168A2025B4868B004D8610 /* Main.storyboard */,
				31168A2325B4868E004D8610 /* Assets.xcassets */,
				31168A2525B4868E004D8610 /* LaunchScreen.storyboard */,
				31168A2825B4868E004D8610 /* Info.plist */,
			);
			path = CurrencyConversion;
			sourceTree = "<group>";
		};
		31168A3025B4868E004D8610 /* CurrencyConversionTests */ = {
			isa = PBXGroup;
			children = (
				31168A3125B4868E004D8610 /* CurrencyConversionTests.swift */,
				31168A3325B4868E004D8610 /* Info.plist */,
			);
			path = CurrencyConversionTests;
			sourceTree = "<group>";
		};
		31168A3B25B4868E004D8610 /* CurrencyConversionUITests */ = {
			isa = PBXGroup;
			children = (
				31168A3C25B4868E004D8610 /* CurrencyConversionUITests.swift */,
				31168A3E25B4868E004D8610 /* Info.plist */,
			);
			path = CurrencyConversionUITests;
			sourceTree = "<group>";
		};
/* End PBXGroup section */

/* Begin PBXNativeTarget section */
		31168A1625B4868B004D8610 /* CurrencyConversion */ = {
			isa = PBXNativeTarget;
			buildConfigurationList = 31168A4125B4868E004D8610 /* Build configuration list for PBXNativeTarget "CurrencyConversion" */;
			buildPhases = (
				31168A1325B4868B004D8610 /* Sources */,
				31168A1425B4868B004D8610 /* Frameworks */,
				31168A1525B4868B004D8610 /* Resources */,
			);
			buildRules = (
			);
			dependencies = (
			);
			name = CurrencyConversion;
			productName = CurrencyConversion;
			productReference = 31168A1725B4868B004D8610 /* CurrencyConversion.app */;
			productType = "com.apple.product-type.application";
		};
		31168A2C25B4868E004D8610 /* CurrencyConversionTests */ = {
			isa = PBXNativeTarget;
			buildConfigurationList = 31168A4425B4868E004D8610 /* Build configuration list for PBXNativeTarget "CurrencyConversionTests" */;
			buildPhases = (
				31168A2925B4868E004D8610 /* Sources */,
				31168A2A25B4868E004D8610 /* Frameworks */,
				31168A2B25B4868E004D8610 /* Resources */,
			);
			buildRules = (
			);
			dependencies = (
				31168A2F25B4868E004D8610 /* PBXTargetDependency */,
			);
			name = CurrencyConversionTests;
			productName = CurrencyConversionTests;
			productReference = 31168A2D25B4868E004D8610 /* CurrencyConversionTests.xctest */;
			productType = "com.apple.product-type.bundle.unit-test";
		};
		31168A3725B4868E004D8610 /* CurrencyConversionUITests */ = {
			isa = PBXNativeTarget;
			buildConfigurationList = 31168A4725B4868E004D8610 /* Build configuration list for PBXNativeTarget "CurrencyConversionUITests" */;
			buildPhases = (
				31168A3425B4868E004D8610 /* Sources */,
				31168A3525B4868E004D8610 /* Frameworks */,
				31168A3625B4868E004D8610 /* Resources */,
			);
			buildRules = (
			);
			dependencies = (
				31168A3A25B4868E004D8610 /* PBXTargetDependency */,
			);
			name = CurrencyConversionUITests;
			productName = CurrencyConversionUITests;
			productReference = 31168A3825B4868E004D8610 /* CurrencyConversionUITests.xctest */;
			productType = "com.apple.product-type.bundle.ui-testing";
		};
/* End PBXNativeTarget section */

/* Begin PBXProject section */
		31168A0F25B4868B004D8610 /* Project object */ = {
			isa = PBXProject;
			attributes = {
				LastSwiftUpdateCheck = 1230;
				LastUpgradeCheck = 1230;
				TargetAttributes = {
					31168A1625B4868B004D8610 = {
						CreatedOnToolsVersion = 12.3;
					};
					31168A2C25B4868E004D8610 = {
						CreatedOnToolsVersion = 12.3;
						TestTargetID = 31168A1625B4868B004D8610;
					};
					31168A3725B4868E004D8610 = {
						CreatedOnToolsVersion = 12.3;
						TestTargetID = 31168A1625B4868B004D8610;
					};
				};
			};
			buildConfigurationList = 31168A1225B4868B004D8610 /* Build configuration list for PBXProject "CurrencyConversion" */;
			compatibilityVersion = "Xcode 9.3";
			developmentRegion = en;
			hasScannedForEncodings = 0;
			knownRegions = (
				en,
				Base,
			);
			mainGroup = 31168A0E25B4868B004D8610;
			productRefGroup = 31168A1825B4868B004D8610 /* Products */;
			projectDirPath = "";
			projectRoot = "";
			targets = (
				31168A1625B4868B004D8610 /* CurrencyConversion */,
				31168A2C25B4868E004D8610 /* CurrencyConversionTests */,
				31168A3725B4868E004D8610 /* CurrencyConversionUITests */,
			);
		};
/* End PBXProject section */

/* Begin PBXResourcesBuildPhase section */
		31168A1525B4868B004D8610 /* Resources */ = {
			isa = PBXResourcesBuildPhase;
			buildActionMask = 2147483647;
			files = (
				31168A2725B4868E004D8610 /* LaunchScreen.storyboard in Resources */,
				31168A2425B4868E004D8610 /* Assets.xcassets in Resources */,
				31168A2225B4868B004D8610 /* Main.storyboard in Resources */,
			);
			runOnlyForDeploymentPostprocessing = 0;
		};
		31168A2B25B4868E004D8610 /* Resources */ = {
			isa = PBXResourcesBuildPhase;
			buildActionMask = 2147483647;
			files = (
			);
			runOnlyForDeploymentPostprocessing = 0;
		};
		31168A3625B4868E004D8610 /* Resources */ = {
			isa = PBXResourcesBuildPhase;
			buildActionMask = 2147483647;
			files = (
			);
			runOnlyForDeploymentPostprocessing = 0;
		};
/* End PBXResourcesBuildPhase section */

/* Begin PBXSourcesBuildPhase section */
		31168A1325B4868B004D8610 /* Sources */ = {
			isa = PBXSourcesBuildPhase;
			buildActionMask = 2147483647;
			files = (
				31168A1F25B4868B004D8610 /* CurrencyConversionViewController.swift in Sources */,
				31168A1B25B4868B004D8610 /* AppDelegate.swift in Sources */,
				31168A1D25B4868B004D8610 /* SceneDelegate.swift in Sources */,
			);
			runOnlyForDeploymentPostprocessing = 0;
		};
		31168A2925B4868E004D8610 /* Sources */ = {
			isa = PBXSourcesBuildPhase;
			buildActionMask = 2147483647;
			files = (
				31168A3225B4868E004D8610 /* CurrencyConversionTests.swift in Sources */,
			);
			runOnlyForDeploymentPostprocessing = 0;
		};
		31168A3425B4868E004D8610 /* Sources */ = {
			isa = PBXSourcesBuildPhase;
			buildActionMask = 2147483647;
			files = (
				31168A3D25B4868E004D8610 /* CurrencyConversionUITests.swift in Sources */,
			);
			runOnlyForDeploymentPostprocessing = 0;
		};
/* End PBXSourcesBuildPhase section */

/* Begin PBXTargetDependency section */
		31168A2F25B4868E004D8610 /* PBXTargetDependency */ = {
			isa = PBXTargetDependency;
			target = 31168A1625B4868B004D8610 /* CurrencyConversion */;
			targetProxy = 31168A2E25B4868E004D8610 /* PBXContainerItemProxy */;
		};
		31168A3A25B4868E004D8610 /* PBXTargetDependency */ = {
			isa = PBXTargetDependency;
			target = 31168A1625B4868B004D8610 /* CurrencyConversion */;
			targetProxy = 31168A3925B4868E004D8610 /* PBXContainerItemProxy */;
		};
/* End PBXTargetDependency section */

/* Begin PBXVariantGroup section */
		31168A2025B4868B004D8610 /* Main.storyboard */ = {
			isa = PBXVariantGroup;
			children = (
				31168A2125B4868B004D8610 /* Base */,
			);
			name = Main.storyboard;
			sourceTree = "<group>";
		};
		31168A2525B4868E004D8610 /* LaunchScreen.storyboard */ = {
			isa = PBXVariantGroup;
			children = (
				31168A2625B4868E004D8610 /* Base */,
			);
			name = LaunchScreen.storyboard;
			sourceTree = "<group>";
		};
/* End PBXVariantGroup section */

/* Begin XCBuildConfiguration section */
		31168A3F25B4868E004D8610 /* Debug */ = {
			isa = XCBuildConfiguration;
			buildSettings = {
				ALWAYS_SEARCH_USER_PATHS = NO;
				CLANG_ANALYZER_NONNULL = YES;
				CLANG_ANALYZER_NUMBER_OBJECT_CONVERSION = YES_AGGRESSIVE;
				CLANG_CXX_LANGUAGE_STANDARD = "gnu++14";
				CLANG_CXX_LIBRARY = "libc++";
				CLANG_ENABLE_MODULES = YES;
				CLANG_ENABLE_OBJC_ARC = YES;
				CLANG_ENABLE_OBJC_WEAK = YES;
				CLANG_WARN_BLOCK_CAPTURE_AUTORELEASING = YES;
				CLANG_WARN_BOOL_CONVERSION = YES;
				CLANG_WARN_COMMA = YES;
				CLANG_WARN_CONSTANT_CONVERSION = YES;
				CLANG_WARN_DEPRECATED_OBJC_IMPLEMENTATIONS = YES;
				CLANG_WARN_DIRECT_OBJC_ISA_USAGE = YES_ERROR;
				CLANG_WARN_DOCUMENTATION_COMMENTS = YES;
				CLANG_WARN_EMPTY_BODY = YES;
				CLANG_WARN_ENUM_CONVERSION = YES;
				CLANG_WARN_INFINITE_RECURSION = YES;
				CLANG_WARN_INT_CONVERSION = YES;
				CLANG_WARN_NON_LITERAL_NULL_CONVERSION = YES;
				CLANG_WARN_OBJC_IMPLICIT_RETAIN_SELF = YES;
				CLANG_WARN_OBJC_LITERAL_CONVERSION = YES;
				CLANG_WARN_OBJC_ROOT_CLASS = YES_ERROR;
				CLANG_WARN_QUOTED_INCLUDE_IN_FRAMEWORK_HEADER = YES;
				CLANG_WARN_RANGE_LOOP_ANALYSIS = YES;
				CLANG_WARN_STRICT_PROTOTYPES = YES;
				CLANG_WARN_SUSPICIOUS_MOVE = YES;
				CLANG_WARN_UNGUARDED_AVAILABILITY = YES_AGGRESSIVE;
				CLANG_WARN_UNREACHABLE_CODE = YES;
				CLANG_WARN__DUPLICATE_METHOD_MATCH = YES;
				COPY_PHASE_STRIP = NO;
				DEBUG_INFORMATION_FORMAT = dwarf;
				ENABLE_STRICT_OBJC_MSGSEND = YES;
				ENABLE_TESTABILITY = YES;
				GCC_C_LANGUAGE_STANDARD = gnu11;
				GCC_DYNAMIC_NO_PIC = NO;
				GCC_NO_COMMON_BLOCKS = YES;
				GCC_OPTIMIZATION_LEVEL = 0;
				GCC_PREPROCESSOR_DEFINITIONS = (
					"DEBUG=1",
					"$(inherited)",
				);
				GCC_WARN_64_TO_32_BIT_CONVERSION = YES;
				GCC_WARN_ABOUT_RETURN_TYPE = YES_ERROR;
				GCC_WARN_UNDECLARED_SELECTOR = YES;
				GCC_WARN_UNINITIALIZED_AUTOS = YES_AGGRESSIVE;
				GCC_WARN_UNUSED_FUNCTION = YES;
				GCC_WARN_UNUSED_VARIABLE = YES;
				IPHONEOS_DEPLOYMENT_TARGET = 14.3;
				MTL_ENABLE_DEBUG_INFO = INCLUDE_SOURCE;
				MTL_FAST_MATH = YES;
				ONLY_ACTIVE_ARCH = YES;
				SDKROOT = iphoneos;
				SWIFT_ACTIVE_COMPILATION_CONDITIONS = DEBUG;
				SWIFT_OPTIMIZATION_LEVEL = "-Onone";
			};
			name = Debug;
		};
		31168A4025B4868E004D8610 /* Release */ = {
			isa = XCBuildConfiguration;
			buildSettings = {
				ALWAYS_SEARCH_USER_PATHS = NO;
				CLANG_ANALYZER_NONNULL = YES;
				CLANG_ANALYZER_NUMBER_OBJECT_CONVERSION = YES_AGGRESSIVE;
				CLANG_CXX_LANGUAGE_STANDARD = "gnu++14";
				CLANG_CXX_LIBRARY = "libc++";
				CLANG_ENABLE_MODULES = YES;
				CLANG_ENABLE_OBJC_ARC = YES;
				CLANG_ENABLE_OBJC_WEAK = YES;
				CLANG_WARN_BLOCK_CAPTURE_AUTORELEASING = YES;
				CLANG_WARN_BOOL_CONVERSION = YES;
				CLANG_WARN_COMMA = YES;
				CLANG_WARN_CONSTANT_CONVERSION = YES;
				CLANG_WARN_DEPRECATED_OBJC_IMPLEMENTATIONS = YES;
				CLANG_WARN_DIRECT_OBJC_ISA_USAGE = YES_ERROR;
				CLANG_WARN_DOCUMENTATION_COMMENTS = YES;
				CLANG_WARN_EMPTY_BODY = YES;
				CLANG_WARN_ENUM_CONVERSION = YES;
				CLANG_WARN_INFINITE_RECURSION = YES;
				CLANG_WARN_INT_CONVERSION = YES;
				CLANG_WARN_NON_LITERAL_NULL_CONVERSION = YES;
				CLANG_WARN_OBJC_IMPLICIT_RETAIN_SELF = YES;
				CLANG_WARN_OBJC_LITERAL_CONVERSION = YES;
				CLANG_WARN_OBJC_ROOT_CLASS = YES_ERROR;
				CLANG_WARN_QUOTED_INCLUDE_IN_FRAMEWORK_HEADER = YES;
				CLANG_WARN_RANGE_LOOP_ANALYSIS = YES;
				CLANG_WARN_STRICT_PROTOTYPES = YES;
				CLANG_WARN_SUSPICIOUS_MOVE = YES;
				CLANG_WARN_UNGUARDED_AVAILABILITY = YES_AGGRESSIVE;
				CLANG_WARN_UNREACHABLE_CODE = YES;
				CLANG_WARN__DUPLICATE_METHOD_MATCH = YES;
				COPY_PHASE_STRIP = NO;
				DEBUG_INFORMATION_FORMAT = "dwarf-with-dsym";
				ENABLE_NS_ASSERTIONS = NO;
				ENABLE_STRICT_OBJC_MSGSEND = YES;
				GCC_C_LANGUAGE_STANDARD = gnu11;
				GCC_NO_COMMON_BLOCKS = YES;
				GCC_WARN_64_TO_32_BIT_CONVERSION = YES;
				GCC_WARN_ABOUT_RETURN_TYPE = YES_ERROR;
				GCC_WARN_UNDECLARED_SELECTOR = YES;
				GCC_WARN_UNINITIALIZED_AUTOS = YES_AGGRESSIVE;
				GCC_WARN_UNUSED_FUNCTION = YES;
				GCC_WARN_UNUSED_VARIABLE = YES;
				IPHONEOS_DEPLOYMENT_TARGET = 14.3;
				MTL_ENABLE_DEBUG_INFO = NO;
				MTL_FAST_MATH = YES;
				SDKROOT = iphoneos;
				SWIFT_COMPILATION_MODE = wholemodule;
				SWIFT_OPTIMIZATION_LEVEL = "-O";
				VALIDATE_PRODUCT = YES;
			};
			name = Release;
		};
		31168A4225B4868E004D8610 /* Debug */ = {
			isa = XCBuildConfiguration;
			buildSettings = {
				ASSETCATALOG_COMPILER_APPICON_NAME = AppIcon;
				ASSETCATALOG_COMPILER_GLOBAL_ACCENT_COLOR_NAME = AccentColor;
				CODE_SIGN_STYLE = Automatic;
				DEVELOPMENT_TEAM = 58CGJ737Y5;
				INFOPLIST_FILE = CurrencyConversion/Info.plist;
				LD_RUNPATH_SEARCH_PATHS = (
					"$(inherited)",
					"@executable_path/Frameworks",
				);
				PRODUCT_BUNDLE_IDENTIFIER = takuaraki.CurrencyConversion;
				PRODUCT_NAME = "$(TARGET_NAME)";
				SWIFT_VERSION = 5.0;
				TARGETED_DEVICE_FAMILY = "1,2";
			};
			name = Debug;
		};
		31168A4325B4868E004D8610 /* Release */ = {
			isa = XCBuildConfiguration;
			buildSettings = {
				ASSETCATALOG_COMPILER_APPICON_NAME = AppIcon;
				ASSETCATALOG_COMPILER_GLOBAL_ACCENT_COLOR_NAME = AccentColor;
				CODE_SIGN_STYLE = Automatic;
				DEVELOPMENT_TEAM = 58CGJ737Y5;
				INFOPLIST_FILE = CurrencyConversion/Info.plist;
				LD_RUNPATH_SEARCH_PATHS = (
					"$(inherited)",
					"@executable_path/Frameworks",
				);
				PRODUCT_BUNDLE_IDENTIFIER = takuaraki.CurrencyConversion;
				PRODUCT_NAME = "$(TARGET_NAME)";
				SWIFT_VERSION = 5.0;
				TARGETED_DEVICE_FAMILY = "1,2";
			};
			name = Release;
		};
		31168A4525B4868E004D8610 /* Debug */ = {
			isa = XCBuildConfiguration;
			buildSettings = {
				ALWAYS_EMBED_SWIFT_STANDARD_LIBRARIES = YES;
				BUNDLE_LOADER = "$(TEST_HOST)";
				CODE_SIGN_STYLE = Automatic;
				DEVELOPMENT_TEAM = 58CGJ737Y5;
				INFOPLIST_FILE = CurrencyConversionTests/Info.plist;
				IPHONEOS_DEPLOYMENT_TARGET = 14.3;
				LD_RUNPATH_SEARCH_PATHS = (
					"$(inherited)",
					"@executable_path/Frameworks",
					"@loader_path/Frameworks",
				);
				PRODUCT_BUNDLE_IDENTIFIER = takuaraki.CurrencyConversionTests;
				PRODUCT_NAME = "$(TARGET_NAME)";
				SWIFT_VERSION = 5.0;
				TARGETED_DEVICE_FAMILY = "1,2";
				TEST_HOST = "$(BUILT_PRODUCTS_DIR)/CurrencyConversion.app/CurrencyConversion";
			};
			name = Debug;
		};
		31168A4625B4868E004D8610 /* Release */ = {
			isa = XCBuildConfiguration;
			buildSettings = {
				ALWAYS_EMBED_SWIFT_STANDARD_LIBRARIES = YES;
				BUNDLE_LOADER = "$(TEST_HOST)";
				CODE_SIGN_STYLE = Automatic;
				DEVELOPMENT_TEAM = 58CGJ737Y5;
				INFOPLIST_FILE = CurrencyConversionTests/Info.plist;
				IPHONEOS_DEPLOYMENT_TARGET = 14.3;
				LD_RUNPATH_SEARCH_PATHS = (
					"$(inherited)",
					"@executable_path/Frameworks",
					"@loader_path/Frameworks",
				);
				PRODUCT_BUNDLE_IDENTIFIER = takuaraki.CurrencyConversionTests;
				PRODUCT_NAME = "$(TARGET_NAME)";
				SWIFT_VERSION = 5.0;
				TARGETED_DEVICE_FAMILY = "1,2";
				TEST_HOST = "$(BUILT_PRODUCTS_DIR)/CurrencyConversion.app/CurrencyConversion";
			};
			name = Release;
		};
		31168A4825B4868E004D8610 /* Debug */ = {
			isa = XCBuildConfiguration;
			buildSettings = {
				ALWAYS_EMBED_SWIFT_STANDARD_LIBRARIES = YES;
				CODE_SIGN_STYLE = Automatic;
				DEVELOPMENT_TEAM = 58CGJ737Y5;
				INFOPLIST_FILE = CurrencyConversionUITests/Info.plist;
				LD_RUNPATH_SEARCH_PATHS = (
					"$(inherited)",
					"@executable_path/Frameworks",
					"@loader_path/Frameworks",
				);
				PRODUCT_BUNDLE_IDENTIFIER = takuaraki.CurrencyConversionUITests;
				PRODUCT_NAME = "$(TARGET_NAME)";
				SWIFT_VERSION = 5.0;
				TARGETED_DEVICE_FAMILY = "1,2";
				TEST_TARGET_NAME = CurrencyConversion;
			};
			name = Debug;
		};
		31168A4925B4868E004D8610 /* Release */ = {
			isa = XCBuildConfiguration;
			buildSettings = {
				ALWAYS_EMBED_SWIFT_STANDARD_LIBRARIES = YES;
				CODE_SIGN_STYLE = Automatic;
				DEVELOPMENT_TEAM = 58CGJ737Y5;
				INFOPLIST_FILE = CurrencyConversionUITests/Info.plist;
				LD_RUNPATH_SEARCH_PATHS = (
					"$(inherited)",
					"@executable_path/Frameworks",
					"@loader_path/Frameworks",
				);
				PRODUCT_BUNDLE_IDENTIFIER = takuaraki.CurrencyConversionUITests;
				PRODUCT_NAME = "$(TARGET_NAME)";
				SWIFT_VERSION = 5.0;
				TARGETED_DEVICE_FAMILY = "1,2";
				TEST_TARGET_NAME = CurrencyConversion;
			};
			name = Release;
		};
/* End XCBuildConfiguration section */

/* Begin XCConfigurationList section */
		31168A1225B4868B004D8610 /* Build configuration list for PBXProject "CurrencyConversion" */ = {
			isa = XCConfigurationList;
			buildConfigurations = (
				31168A3F25B4868E004D8610 /* Debug */,
				31168A4025B4868E004D8610 /* Release */,
			);
			defaultConfigurationIsVisible = 0;
			defaultConfigurationName = Release;
		};
		31168A4125B4868E004D8610 /* Build configuration list for PBXNativeTarget "CurrencyConversion" */ = {
			isa = XCConfigurationList;
			buildConfigurations = (
				31168A4225B4868E004D8610 /* Debug */,
				31168A4325B4868E004D8610 /* Release */,
			);
			defaultConfigurationIsVisible = 0;
			defaultConfigurationName = Release;
		};
		31168A4425B4868E004D8610 /* Build configuration list for PBXNativeTarget "CurrencyConversionTests" */ = {
			isa = XCConfigurationList;
			buildConfigurations = (
				31168A4525B4868E004D8610 /* Debug */,
				31168A4625B4868E004D8610 /* Release */,
			);
			defaultConfigurationIsVisible = 0;
			defaultConfigurationName = Release;
		};
		31168A4725B4868E004D8610 /* Build configuration list for PBXNativeTarget "CurrencyConversionUITests" */ = {
			isa = XCConfigurationList;
			buildConfigurations = (
				31168A4825B4868E004D8610 /* Debug */,
				31168A4925B4868E004D8610 /* Release */,
			);
			defaultConfigurationIsVisible = 0;
			defaultConfigurationName = Release;
		};
/* End XCConfigurationList section */
	};
	rootObject = 31168A0F25B4868B004D8610 /* Project object */;
}
