// !$*UTF8*$!
{
	archiveVersion = 1;
	classes = {
	};
	objectVersion = 52;
	objects = {

/* Begin PBXBuildFile section */
		31168A1B25B4868B004D8610 /* AppDelegate.swift in Sources */ = {isa = PBXBuildFile; fileRef = 31168A1A25B4868B004D8610 /* AppDelegate.swift */; };
		31168A1D25B4868B004D8610 /* SceneDelegate.swift in Sources */ = {isa = PBXBuildFile; fileRef = 31168A1C25B4868B004D8610 /* SceneDelegate.swift */; };
		31168A1F25B4868B004D8610 /* CurrencyConversionViewController.swift in Sources */ = {isa = PBXBuildFile; fileRef = 31168A1E25B4868B004D8610 /* CurrencyConversionViewController.swift */; };
		31168A2225B4868B004D8610 /* Main.storyboard in Resources */ = {isa = PBXBuildFile; fileRef = 31168A2025B4868B004D8610 /* Main.storyboard */; };
		31168A2425B4868E004D8610 /* Assets.xcassets in Resources */ = {isa = PBXBuildFile; fileRef = 31168A2325B4868E004D8610 /* Assets.xcassets */; };
		31168A2725B4868E004D8610 /* LaunchScreen.storyboard in Resources */ = {isa = PBXBuildFile; fileRef = 31168A2525B4868E004D8610 /* LaunchScreen.storyboard */; };
		31168A3225B4868E004D8610 /* CurrencyConversionTests.swift in Sources */ = {isa = PBXBuildFile; fileRef = 31168A3125B4868E004D8610 /* CurrencyConversionTests.swift */; };
		31168A3D25B4868E004D8610 /* CurrencyConversionUITests.swift in Sources */ = {isa = PBXBuildFile; fileRef = 31168A3C25B4868E004D8610 /* CurrencyConversionUITests.swift */; };
		31168A5A25B488AD004D8610 /* CurrencyConversionViewModel.swift in Sources */ = {isa = PBXBuildFile; fileRef = 31168A5925B488AD004D8610 /* CurrencyConversionViewModel.swift */; };
		31168A6225B488FB004D8610 /* CurrencyConversionStore.swift in Sources */ = {isa = PBXBuildFile; fileRef = 31168A6125B488FB004D8610 /* CurrencyConversionStore.swift */; };
		31168A6725B48934004D8610 /* CurrencyRepository.swift in Sources */ = {isa = PBXBuildFile; fileRef = 31168A6625B48934004D8610 /* CurrencyRepository.swift */; };
		31168A6F25B48966004D8610 /* CurrencyAPI.swift in Sources */ = {isa = PBXBuildFile; fileRef = 31168A6E25B48966004D8610 /* CurrencyAPI.swift */; };
		31168A7725B48987004D8610 /* CurrencyDB.swift in Sources */ = {isa = PBXBuildFile; fileRef = 31168A7625B48987004D8610 /* CurrencyDB.swift */; };
		31168A7D25B48AD0004D8610 /* RxCocoa in Frameworks */ = {isa = PBXBuildFile; productRef = 31168A7C25B48AD0004D8610 /* RxCocoa */; };
		31168A7F25B48AD0004D8610 /* RxSwift in Frameworks */ = {isa = PBXBuildFile; productRef = 31168A7E25B48AD0004D8610 /* RxSwift */; };
		31168A8525B48BE2004D8610 /* Realm in Frameworks */ = {isa = PBXBuildFile; productRef = 31168A8425B48BE2004D8610 /* Realm */; };
		31168A8725B48BE2004D8610 /* RealmSwift in Frameworks */ = {isa = PBXBuildFile; productRef = 31168A8625B48BE2004D8610 /* RealmSwift */; };
		31168A8C25B48C58004D8610 /* Currency.swift in Sources */ = {isa = PBXBuildFile; fileRef = 31168A8B25B48C58004D8610 /* Currency.swift */; };
		31168A9125B48D09004D8610 /* Money.swift in Sources */ = {isa = PBXBuildFile; fileRef = 31168A9025B48D09004D8610 /* Money.swift */; };
		31168A9925B48FA4004D8610 /* ConversionRate.swift in Sources */ = {isa = PBXBuildFile; fileRef = 31168A9825B48FA4004D8610 /* ConversionRate.swift */; };
		31168AA125B4917A004D8610 /* CurrencyDBProtocol.swift in Sources */ = {isa = PBXBuildFile; fileRef = 31168AA025B4917A004D8610 /* CurrencyDBProtocol.swift */; };
		31168AA625B49199004D8610 /* CurrencyAPIProtocol.swift in Sources */ = {isa = PBXBuildFile; fileRef = 31168AA525B49199004D8610 /* CurrencyAPIProtocol.swift */; };
		31168AB125B491EF004D8610 /* CurrencyConversionStoreProtocol.swift in Sources */ = {isa = PBXBuildFile; fileRef = 31168AB025B491EF004D8610 /* CurrencyConversionStoreProtocol.swift */; };
		31168AB625B4921D004D8610 /* CurrencyRepositoryProtocol.swift in Sources */ = {isa = PBXBuildFile; fileRef = 31168AB525B4921D004D8610 /* CurrencyRepositoryProtocol.swift */; };
		31168AD425B4948A004D8610 /* SupportedCurrenciesDTO.swift in Sources */ = {isa = PBXBuildFile; fileRef = 31168AD325B4948A004D8610 /* SupportedCurrenciesDTO.swift */; };
		31168ADC25B49686004D8610 /* ConversionRateDTO.swift in Sources */ = {isa = PBXBuildFile; fileRef = 31168ADB25B49686004D8610 /* ConversionRateDTO.swift */; };
		31168AE525B4A556004D8610 /* CurrencyRepositoryTestCase.swift in Sources */ = {isa = PBXBuildFile; fileRef = 31168AE425B4A556004D8610 /* CurrencyRepositoryTestCase.swift */; };
		31168AED25B4A583004D8610 /* CurrencyDBMock.swift in Sources */ = {isa = PBXBuildFile; fileRef = 31168AEC25B4A583004D8610 /* CurrencyDBMock.swift */; };
		31168AF225B4A6E6004D8610 /* CurrencyAPIMock.swift in Sources */ = {isa = PBXBuildFile; fileRef = 31168AF125B4A6E6004D8610 /* CurrencyAPIMock.swift */; };
		31168AFA25B4C020004D8610 /* CurrencyRepositoryMock.swift in Sources */ = {isa = PBXBuildFile; fileRef = 31168AF925B4C020004D8610 /* CurrencyRepositoryMock.swift */; };
		31168AFF25B4C0FB004D8610 /* CurrencyConversionStoreTestCase.swift in Sources */ = {isa = PBXBuildFile; fileRef = 31168AFE25B4C0FB004D8610 /* CurrencyConversionStoreTestCase.swift */; };
/* End PBXBuildFile section */

/* Begin PBXContainerItemProxy section */
		31168A2E25B4868E004D8610 /* PBXContainerItemProxy */ = {
			isa = PBXContainerItemProxy;
			containerPortal = 31168A0F25B4868B004D8610 /* Project object */;
			proxyType = 1;
			remoteGlobalIDString = 31168A1625B4868B004D8610;
			remoteInfo = CurrencyConversion;
		};
		31168A3925B4868E004D8610 /* PBXContainerItemProxy */ = {
			isa = PBXContainerItemProxy;
			containerPortal = 31168A0F25B4868B004D8610 /* Project object */;
			proxyType = 1;
			remoteGlobalIDString = 31168A1625B4868B004D8610;
			remoteInfo = CurrencyConversion;
		};
/* End PBXContainerItemProxy section */

/* Begin PBXFileReference section */
		31168A1725B4868B004D8610 /* CurrencyConversion.app */ = {isa = PBXFileReference; explicitFileType = wrapper.application; includeInIndex = 0; path = CurrencyConversion.app; sourceTree = BUILT_PRODUCTS_DIR; };
		31168A1A25B4868B004D8610 /* AppDelegate.swift */ = {isa = PBXFileReference; lastKnownFileType = sourcecode.swift; path = AppDelegate.swift; sourceTree = "<group>"; };
		31168A1C25B4868B004D8610 /* SceneDelegate.swift */ = {isa = PBXFileReference; lastKnownFileType = sourcecode.swift; path = SceneDelegate.swift; sourceTree = "<group>"; };
		31168A1E25B4868B004D8610 /* CurrencyConversionViewController.swift */ = {isa = PBXFileReference; lastKnownFileType = sourcecode.swift; path = CurrencyConversionViewController.swift; sourceTree = "<group>"; };
		31168A2125B4868B004D8610 /* Base */ = {isa = PBXFileReference; lastKnownFileType = file.storyboard; name = Base; path = Base.lproj/Main.storyboard; sourceTree = "<group>"; };
		31168A2325B4868E004D8610 /* Assets.xcassets */ = {isa = PBXFileReference; lastKnownFileType = folder.assetcatalog; path = Assets.xcassets; sourceTree = "<group>"; };
		31168A2625B4868E004D8610 /* Base */ = {isa = PBXFileReference; lastKnownFileType = file.storyboard; name = Base; path = Base.lproj/LaunchScreen.storyboard; sourceTree = "<group>"; };
		31168A2825B4868E004D8610 /* Info.plist */ = {isa = PBXFileReference; lastKnownFileType = text.plist.xml; path = Info.plist; sourceTree = "<group>"; };
		31168A2D25B4868E004D8610 /* CurrencyConversionTests.xctest */ = {isa = PBXFileReference; explicitFileType = wrapper.cfbundle; includeInIndex = 0; path = CurrencyConversionTests.xctest; sourceTree = BUILT_PRODUCTS_DIR; };
		31168A3125B4868E004D8610 /* CurrencyConversionTests.swift */ = {isa = PBXFileReference; lastKnownFileType = sourcecode.swift; path = CurrencyConversionTests.swift; sourceTree = "<group>"; };
		31168A3325B4868E004D8610 /* Info.plist */ = {isa = PBXFileReference; lastKnownFileType = text.plist.xml; path = Info.plist; sourceTree = "<group>"; };
		31168A3825B4868E004D8610 /* CurrencyConversionUITests.xctest */ = {isa = PBXFileReference; explicitFileType = wrapper.cfbundle; includeInIndex = 0; path = CurrencyConversionUITests.xctest; sourceTree = BUILT_PRODUCTS_DIR; };
		31168A3C25B4868E004D8610 /* CurrencyConversionUITests.swift */ = {isa = PBXFileReference; lastKnownFileType = sourcecode.swift; path = CurrencyConversionUITests.swift; sourceTree = "<group>"; };
		31168A3E25B4868E004D8610 /* Info.plist */ = {isa = PBXFileReference; lastKnownFileType = text.plist.xml; path = Info.plist; sourceTree = "<group>"; };
		31168A5925B488AD004D8610 /* CurrencyConversionViewModel.swift */ = {isa = PBXFileReference; lastKnownFileType = sourcecode.swift; path = CurrencyConversionViewModel.swift; sourceTree = "<group>"; };
		31168A6125B488FB004D8610 /* CurrencyConversionStore.swift */ = {isa = PBXFileReference; lastKnownFileType = sourcecode.swift; path = CurrencyConversionStore.swift; sourceTree = "<group>"; };
		31168A6625B48934004D8610 /* CurrencyRepository.swift */ = {isa = PBXFileReference; lastKnownFileType = sourcecode.swift; path = CurrencyRepository.swift; sourceTree = "<group>"; };
		31168A6E25B48966004D8610 /* CurrencyAPI.swift */ = {isa = PBXFileReference; lastKnownFileType = sourcecode.swift; path = CurrencyAPI.swift; sourceTree = "<group>"; };
		31168A7625B48987004D8610 /* CurrencyDB.swift */ = {isa = PBXFileReference; lastKnownFileType = sourcecode.swift; path = CurrencyDB.swift; sourceTree = "<group>"; };
		31168A8B25B48C58004D8610 /* Currency.swift */ = {isa = PBXFileReference; lastKnownFileType = sourcecode.swift; path = Currency.swift; sourceTree = "<group>"; };
		31168A9025B48D09004D8610 /* Money.swift */ = {isa = PBXFileReference; lastKnownFileType = sourcecode.swift; path = Money.swift; sourceTree = "<group>"; };
		31168A9825B48FA4004D8610 /* ConversionRate.swift */ = {isa = PBXFileReference; lastKnownFileType = sourcecode.swift; path = ConversionRate.swift; sourceTree = "<group>"; };
		31168AA025B4917A004D8610 /* CurrencyDBProtocol.swift */ = {isa = PBXFileReference; lastKnownFileType = sourcecode.swift; path = CurrencyDBProtocol.swift; sourceTree = "<group>"; };
		31168AA525B49199004D8610 /* CurrencyAPIProtocol.swift */ = {isa = PBXFileReference; lastKnownFileType = sourcecode.swift; path = CurrencyAPIProtocol.swift; sourceTree = "<group>"; };
		31168AB025B491EF004D8610 /* CurrencyConversionStoreProtocol.swift */ = {isa = PBXFileReference; lastKnownFileType = sourcecode.swift; path = CurrencyConversionStoreProtocol.swift; sourceTree = "<group>"; };
		31168AB525B4921D004D8610 /* CurrencyRepositoryProtocol.swift */ = {isa = PBXFileReference; lastKnownFileType = sourcecode.swift; path = CurrencyRepositoryProtocol.swift; sourceTree = "<group>"; };
		31168AD325B4948A004D8610 /* SupportedCurrenciesDTO.swift */ = {isa = PBXFileReference; lastKnownFileType = sourcecode.swift; path = SupportedCurrenciesDTO.swift; sourceTree = "<group>"; };
		31168ADB25B49686004D8610 /* ConversionRateDTO.swift */ = {isa = PBXFileReference; lastKnownFileType = sourcecode.swift; path = ConversionRateDTO.swift; sourceTree = "<group>"; };
		31168AE425B4A556004D8610 /* CurrencyRepositoryTestCase.swift */ = {isa = PBXFileReference; lastKnownFileType = sourcecode.swift; path = CurrencyRepositoryTestCase.swift; sourceTree = "<group>"; };
		31168AEC25B4A583004D8610 /* CurrencyDBMock.swift */ = {isa = PBXFileReference; lastKnownFileType = sourcecode.swift; path = CurrencyDBMock.swift; sourceTree = "<group>"; };
		31168AF125B4A6E6004D8610 /* CurrencyAPIMock.swift */ = {isa = PBXFileReference; lastKnownFileType = sourcecode.swift; path = CurrencyAPIMock.swift; sourceTree = "<group>"; };
		31168AF925B4C020004D8610 /* CurrencyRepositoryMock.swift */ = {isa = PBXFileReference; lastKnownFileType = sourcecode.swift; path = CurrencyRepositoryMock.swift; sourceTree = "<group>"; };
		31168AFE25B4C0FB004D8610 /* CurrencyConversionStoreTestCase.swift */ = {isa = PBXFileReference; lastKnownFileType = sourcecode.swift; path = CurrencyConversionStoreTestCase.swift; sourceTree = "<group>"; };
/* End PBXFileReference section */

/* Begin PBXFrameworksBuildPhase section */
		31168A1425B4868B004D8610 /* Frameworks */ = {
			isa = PBXFrameworksBuildPhase;
			buildActionMask = 2147483647;
			files = (
				31168A8725B48BE2004D8610 /* RealmSwift in Frameworks */,
				31168A8525B48BE2004D8610 /* Realm in Frameworks */,
				31168A7F25B48AD0004D8610 /* RxSwift in Frameworks */,
				31168A7D25B48AD0004D8610 /* RxCocoa in Frameworks */,
			);
			runOnlyForDeploymentPostprocessing = 0;
		};
		31168A2A25B4868E004D8610 /* Frameworks */ = {
			isa = PBXFrameworksBuildPhase;
			buildActionMask = 2147483647;
			files = (
			);
			runOnlyForDeploymentPostprocessing = 0;
		};
		31168A3525B4868E004D8610 /* Frameworks */ = {
			isa = PBXFrameworksBuildPhase;
			buildActionMask = 2147483647;
			files = (
			);
			runOnlyForDeploymentPostprocessing = 0;
		};
/* End PBXFrameworksBuildPhase section */

/* Begin PBXGroup section */
		31168A0E25B4868B004D8610 = {
			isa = PBXGroup;
			children = (
				31168A1925B4868B004D8610 /* CurrencyConversion */,
				31168A3025B4868E004D8610 /* CurrencyConversionTests */,
				31168A3B25B4868E004D8610 /* CurrencyConversionUITests */,
				31168A1825B4868B004D8610 /* Products */,
			);
			sourceTree = "<group>";
		};
		31168A1825B4868B004D8610 /* Products */ = {
			isa = PBXGroup;
			children = (
				31168A1725B4868B004D8610 /* CurrencyConversion.app */,
				31168A2D25B4868E004D8610 /* CurrencyConversionTests.xctest */,
				31168A3825B4868E004D8610 /* CurrencyConversionUITests.xctest */,
			);
			name = Products;
			sourceTree = "<group>";
		};
		31168A1925B4868B004D8610 /* CurrencyConversion */ = {
			isa = PBXGroup;
			children = (
				31168A5025B4876C004D8610 /* Views */,
				31168A5125B487B6004D8610 /* ViewModels */,
				31168A5225B487C5004D8610 /* Stores */,
				31168A1A25B4868B004D8610 /* AppDelegate.swift */,
				31168A1C25B4868B004D8610 /* SceneDelegate.swift */,
				31168A2325B4868E004D8610 /* Assets.xcassets */,
				31168A2525B4868E004D8610 /* LaunchScreen.storyboard */,
				31168A2825B4868E004D8610 /* Info.plist */,
			);
			path = CurrencyConversion;
			sourceTree = "<group>";
		};
		31168A3025B4868E004D8610 /* CurrencyConversionTests */ = {
			isa = PBXGroup;
			children = (
				31168AE025B4A501004D8610 /* Stores */,
				31168A3125B4868E004D8610 /* CurrencyConversionTests.swift */,
				31168A3325B4868E004D8610 /* Info.plist */,
			);
			path = CurrencyConversionTests;
			sourceTree = "<group>";
		};
		31168A3B25B4868E004D8610 /* CurrencyConversionUITests */ = {
			isa = PBXGroup;
			children = (
				31168A3C25B4868E004D8610 /* CurrencyConversionUITests.swift */,
				31168A3E25B4868E004D8610 /* Info.plist */,
			);
			path = CurrencyConversionUITests;
			sourceTree = "<group>";
		};
		31168A5025B4876C004D8610 /* Views */ = {
			isa = PBXGroup;
			children = (
				31168A2025B4868B004D8610 /* Main.storyboard */,
				31168A1E25B4868B004D8610 /* CurrencyConversionViewController.swift */,
			);
			path = Views;
			sourceTree = "<group>";
		};
		31168A5125B487B6004D8610 /* ViewModels */ = {
			isa = PBXGroup;
			children = (
				31168A5925B488AD004D8610 /* CurrencyConversionViewModel.swift */,
			);
			path = ViewModels;
			sourceTree = "<group>";
		};
		31168A5225B487C5004D8610 /* Stores */ = {
			isa = PBXGroup;
			children = (
				31168A6125B488FB004D8610 /* CurrencyConversionStore.swift */,
				31168AB025B491EF004D8610 /* CurrencyConversionStoreProtocol.swift */,
				31168A5625B4882A004D8610 /* Repositories */,
				31168A5325B487DE004D8610 /* Data */,
			);
			path = Stores;
			sourceTree = "<group>";
		};
		31168A5325B487DE004D8610 /* Data */ = {
			isa = PBXGroup;
			children = (
				31168A8B25B48C58004D8610 /* Currency.swift */,
				31168A9025B48D09004D8610 /* Money.swift */,
				31168A9825B48FA4004D8610 /* ConversionRate.swift */,
			);
			path = Data;
			sourceTree = "<group>";
		};
		31168A5625B4882A004D8610 /* Repositories */ = {
			isa = PBXGroup;
			children = (
				31168A6625B48934004D8610 /* CurrencyRepository.swift */,
				31168AB525B4921D004D8610 /* CurrencyRepositoryProtocol.swift */,
				31168A5725B48846004D8610 /* API */,
				31168A5825B4884F004D8610 /* DB */,
			);
			path = Repositories;
			sourceTree = "<group>";
		};
		31168A5725B48846004D8610 /* API */ = {
			isa = PBXGroup;
			children = (
				31168AD225B49464004D8610 /* DTO */,
				31168A6E25B48966004D8610 /* CurrencyAPI.swift */,
				31168AA525B49199004D8610 /* CurrencyAPIProtocol.swift */,
			);
			path = API;
			sourceTree = "<group>";
		};
		31168A5825B4884F004D8610 /* DB */ = {
			isa = PBXGroup;
			children = (
				31168A7625B48987004D8610 /* CurrencyDB.swift */,
				31168AA025B4917A004D8610 /* CurrencyDBProtocol.swift */,
			);
			path = DB;
			sourceTree = "<group>";
		};
		31168AD225B49464004D8610 /* DTO */ = {
			isa = PBXGroup;
			children = (
				31168AD325B4948A004D8610 /* SupportedCurrenciesDTO.swift */,
				31168ADB25B49686004D8610 /* ConversionRateDTO.swift */,
			);
			path = DTO;
			sourceTree = "<group>";
		};
		31168AE025B4A501004D8610 /* Stores */ = {
			isa = PBXGroup;
			children = (
				31168AFE25B4C0FB004D8610 /* CurrencyConversionStoreTestCase.swift */,
				31168AE125B4A506004D8610 /* Repositories */,
			);
			path = Stores;
			sourceTree = "<group>";
		};
		31168AE125B4A506004D8610 /* Repositories */ = {
			isa = PBXGroup;
			children = (
				31168AE425B4A556004D8610 /* CurrencyRepositoryTestCase.swift */,
				31168AF925B4C020004D8610 /* CurrencyRepositoryMock.swift */,
				31168AE225B4A517004D8610 /* API */,
				31168AE325B4A51E004D8610 /* DB */,
			);
			path = Repositories;
			sourceTree = "<group>";
		};
		31168AE225B4A517004D8610 /* API */ = {
			isa = PBXGroup;
			children = (
				31168AF125B4A6E6004D8610 /* CurrencyAPIMock.swift */,
			);
			path = API;
			sourceTree = "<group>";
		};
		31168AE325B4A51E004D8610 /* DB */ = {
			isa = PBXGroup;
			children = (
				31168AEC25B4A583004D8610 /* CurrencyDBMock.swift */,
			);
			path = DB;
			sourceTree = "<group>";
		};
/* End PBXGroup section */

/* Begin PBXNativeTarget section */
		31168A1625B4868B004D8610 /* CurrencyConversion */ = {
			isa = PBXNativeTarget;
			buildConfigurationList = 31168A4125B4868E004D8610 /* Build configuration list for PBXNativeTarget "CurrencyConversion" */;
			buildPhases = (
				31168A1325B4868B004D8610 /* Sources */,
				31168A1425B4868B004D8610 /* Frameworks */,
				31168A1525B4868B004D8610 /* Resources */,
			);
			buildRules = (
			);
			dependencies = (
			);
			name = CurrencyConversion;
			packageProductDependencies = (
				31168A7C25B48AD0004D8610 /* RxCocoa */,
				31168A7E25B48AD0004D8610 /* RxSwift */,
				31168A8425B48BE2004D8610 /* Realm */,
				31168A8625B48BE2004D8610 /* RealmSwift */,
			);
			productName = CurrencyConversion;
			productReference = 31168A1725B4868B004D8610 /* CurrencyConversion.app */;
			productType = "com.apple.product-type.application";
		};
		31168A2C25B4868E004D8610 /* CurrencyConversionTests */ = {
			isa = PBXNativeTarget;
			buildConfigurationList = 31168A4425B4868E004D8610 /* Build configuration list for PBXNativeTarget "CurrencyConversionTests" */;
			buildPhases = (
				31168A2925B4868E004D8610 /* Sources */,
				31168A2A25B4868E004D8610 /* Frameworks */,
				31168A2B25B4868E004D8610 /* Resources */,
			);
			buildRules = (
			);
			dependencies = (
				31168A2F25B4868E004D8610 /* PBXTargetDependency */,
			);
			name = CurrencyConversionTests;
			productName = CurrencyConversionTests;
			productReference = 31168A2D25B4868E004D8610 /* CurrencyConversionTests.xctest */;
			productType = "com.apple.product-type.bundle.unit-test";
		};
		31168A3725B4868E004D8610 /* CurrencyConversionUITests */ = {
			isa = PBXNativeTarget;
			buildConfigurationList = 31168A4725B4868E004D8610 /* Build configuration list for PBXNativeTarget "CurrencyConversionUITests" */;
			buildPhases = (
				31168A3425B4868E004D8610 /* Sources */,
				31168A3525B4868E004D8610 /* Frameworks */,
				31168A3625B4868E004D8610 /* Resources */,
			);
			buildRules = (
			);
			dependencies = (
				31168A3A25B4868E004D8610 /* PBXTargetDependency */,
			);
			name = CurrencyConversionUITests;
			productName = CurrencyConversionUITests;
			productReference = 31168A3825B4868E004D8610 /* CurrencyConversionUITests.xctest */;
			productType = "com.apple.product-type.bundle.ui-testing";
		};
/* End PBXNativeTarget section */

/* Begin PBXProject section */
		31168A0F25B4868B004D8610 /* Project object */ = {
			isa = PBXProject;
			attributes = {
				LastSwiftUpdateCheck = 1230;
				LastUpgradeCheck = 1230;
				TargetAttributes = {
					31168A1625B4868B004D8610 = {
						CreatedOnToolsVersion = 12.3;
					};
					31168A2C25B4868E004D8610 = {
						CreatedOnToolsVersion = 12.3;
						TestTargetID = 31168A1625B4868B004D8610;
					};
					31168A3725B4868E004D8610 = {
						CreatedOnToolsVersion = 12.3;
						TestTargetID = 31168A1625B4868B004D8610;
					};
				};
			};
			buildConfigurationList = 31168A1225B4868B004D8610 /* Build configuration list for PBXProject "CurrencyConversion" */;
			compatibilityVersion = "Xcode 9.3";
			developmentRegion = en;
			hasScannedForEncodings = 0;
			knownRegions = (
				en,
				Base,
			);
			mainGroup = 31168A0E25B4868B004D8610;
			packageReferences = (
				31168A7B25B48AD0004D8610 /* XCRemoteSwiftPackageReference "RxSwift" */,
				31168A8325B48BE2004D8610 /* XCRemoteSwiftPackageReference "realm-cocoa" */,
			);
			productRefGroup = 31168A1825B4868B004D8610 /* Products */;
			projectDirPath = "";
			projectRoot = "";
			targets = (
				31168A1625B4868B004D8610 /* CurrencyConversion */,
				31168A2C25B4868E004D8610 /* CurrencyConversionTests */,
				31168A3725B4868E004D8610 /* CurrencyConversionUITests */,
			);
		};
/* End PBXProject section */

/* Begin PBXResourcesBuildPhase section */
		31168A1525B4868B004D8610 /* Resources */ = {
			isa = PBXResourcesBuildPhase;
			buildActionMask = 2147483647;
			files = (
				31168A2725B4868E004D8610 /* LaunchScreen.storyboard in Resources */,
				31168A2425B4868E004D8610 /* Assets.xcassets in Resources */,
				31168A2225B4868B004D8610 /* Main.storyboard in Resources */,
			);
			runOnlyForDeploymentPostprocessing = 0;
		};
		31168A2B25B4868E004D8610 /* Resources */ = {
			isa = PBXResourcesBuildPhase;
			buildActionMask = 2147483647;
			files = (
			);
			runOnlyForDeploymentPostprocessing = 0;
		};
		31168A3625B4868E004D8610 /* Resources */ = {
			isa = PBXResourcesBuildPhase;
			buildActionMask = 2147483647;
			files = (
			);
			runOnlyForDeploymentPostprocessing = 0;
		};
/* End PBXResourcesBuildPhase section */

/* Begin PBXSourcesBuildPhase section */
		31168A1325B4868B004D8610 /* Sources */ = {
			isa = PBXSourcesBuildPhase;
			buildActionMask = 2147483647;
			files = (
				31168A8C25B48C58004D8610 /* Currency.swift in Sources */,
				31168A9125B48D09004D8610 /* Money.swift in Sources */,
				31168AA625B49199004D8610 /* CurrencyAPIProtocol.swift in Sources */,
				31168A9925B48FA4004D8610 /* ConversionRate.swift in Sources */,
				31168AB625B4921D004D8610 /* CurrencyRepositoryProtocol.swift in Sources */,
				31168ADC25B49686004D8610 /* ConversionRateDTO.swift in Sources */,
				31168A6725B48934004D8610 /* CurrencyRepository.swift in Sources */,
				31168A1F25B4868B004D8610 /* CurrencyConversionViewController.swift in Sources */,
				31168AD425B4948A004D8610 /* SupportedCurrenciesDTO.swift in Sources */,
				31168A1B25B4868B004D8610 /* AppDelegate.swift in Sources */,
				31168AA125B4917A004D8610 /* CurrencyDBProtocol.swift in Sources */,
				31168A6F25B48966004D8610 /* CurrencyAPI.swift in Sources */,
				31168A7725B48987004D8610 /* CurrencyDB.swift in Sources */,
				31168AB125B491EF004D8610 /* CurrencyConversionStoreProtocol.swift in Sources */,
				31168A1D25B4868B004D8610 /* SceneDelegate.swift in Sources */,
				31168A5A25B488AD004D8610 /* CurrencyConversionViewModel.swift in Sources */,
				31168A6225B488FB004D8610 /* CurrencyConversionStore.swift in Sources */,
			);
			runOnlyForDeploymentPostprocessing = 0;
		};
		31168A2925B4868E004D8610 /* Sources */ = {
			isa = PBXSourcesBuildPhase;
			buildActionMask = 2147483647;
			files = (
				31168AFF25B4C0FB004D8610 /* CurrencyConversionStoreTestCase.swift in Sources */,
				31168AE525B4A556004D8610 /* CurrencyRepositoryTestCase.swift in Sources */,
				31168AED25B4A583004D8610 /* CurrencyDBMock.swift in Sources */,
				31168AFA25B4C020004D8610 /* CurrencyRepositoryMock.swift in Sources */,
				31168A3225B4868E004D8610 /* CurrencyConversionTests.swift in Sources */,
				31168AF225B4A6E6004D8610 /* CurrencyAPIMock.swift in Sources */,
			);
			runOnlyForDeploymentPostprocessing = 0;
		};
		31168A3425B4868E004D8610 /* Sources */ = {
			isa = PBXSourcesBuildPhase;
			buildActionMask = 2147483647;
			files = (
				31168A3D25B4868E004D8610 /* CurrencyConversionUITests.swift in Sources */,
			);
			runOnlyForDeploymentPostprocessing = 0;
		};
/* End PBXSourcesBuildPhase section */

/* Begin PBXTargetDependency section */
		31168A2F25B4868E004D8610 /* PBXTargetDependency */ = {
			isa = PBXTargetDependency;
			target = 31168A1625B4868B004D8610 /* CurrencyConversion */;
			targetProxy = 31168A2E25B4868E004D8610 /* PBXContainerItemProxy */;
		};
		31168A3A25B4868E004D8610 /* PBXTargetDependency */ = {
			isa = PBXTargetDependency;
			target = 31168A1625B4868B004D8610 /* CurrencyConversion */;
			targetProxy = 31168A3925B4868E004D8610 /* PBXContainerItemProxy */;
		};
/* End PBXTargetDependency section */

/* Begin PBXVariantGroup section */
		31168A2025B4868B004D8610 /* Main.storyboard */ = {
			isa = PBXVariantGroup;
			children = (
				31168A2125B4868B004D8610 /* Base */,
			);
			name = Main.storyboard;
			sourceTree = "<group>";
		};
		31168A2525B4868E004D8610 /* LaunchScreen.storyboard */ = {
			isa = PBXVariantGroup;
			children = (
				31168A2625B4868E004D8610 /* Base */,
			);
			name = LaunchScreen.storyboard;
			sourceTree = "<group>";
		};
/* End PBXVariantGroup section */

/* Begin XCBuildConfiguration section */
		31168A3F25B4868E004D8610 /* Debug */ = {
			isa = XCBuildConfiguration;
			buildSettings = {
				ALWAYS_SEARCH_USER_PATHS = NO;
				CLANG_ANALYZER_NONNULL = YES;
				CLANG_ANALYZER_NUMBER_OBJECT_CONVERSION = YES_AGGRESSIVE;
				CLANG_CXX_LANGUAGE_STANDARD = "gnu++14";
				CLANG_CXX_LIBRARY = "libc++";
				CLANG_ENABLE_MODULES = YES;
				CLANG_ENABLE_OBJC_ARC = YES;
				CLANG_ENABLE_OBJC_WEAK = YES;
				CLANG_WARN_BLOCK_CAPTURE_AUTORELEASING = YES;
				CLANG_WARN_BOOL_CONVERSION = YES;
				CLANG_WARN_COMMA = YES;
				CLANG_WARN_CONSTANT_CONVERSION = YES;
				CLANG_WARN_DEPRECATED_OBJC_IMPLEMENTATIONS = YES;
				CLANG_WARN_DIRECT_OBJC_ISA_USAGE = YES_ERROR;
				CLANG_WARN_DOCUMENTATION_COMMENTS = YES;
				CLANG_WARN_EMPTY_BODY = YES;
				CLANG_WARN_ENUM_CONVERSION = YES;
				CLANG_WARN_INFINITE_RECURSION = YES;
				CLANG_WARN_INT_CONVERSION = YES;
				CLANG_WARN_NON_LITERAL_NULL_CONVERSION = YES;
				CLANG_WARN_OBJC_IMPLICIT_RETAIN_SELF = YES;
				CLANG_WARN_OBJC_LITERAL_CONVERSION = YES;
				CLANG_WARN_OBJC_ROOT_CLASS = YES_ERROR;
				CLANG_WARN_QUOTED_INCLUDE_IN_FRAMEWORK_HEADER = YES;
				CLANG_WARN_RANGE_LOOP_ANALYSIS = YES;
				CLANG_WARN_STRICT_PROTOTYPES = YES;
				CLANG_WARN_SUSPICIOUS_MOVE = YES;
				CLANG_WARN_UNGUARDED_AVAILABILITY = YES_AGGRESSIVE;
				CLANG_WARN_UNREACHABLE_CODE = YES;
				CLANG_WARN__DUPLICATE_METHOD_MATCH = YES;
				COPY_PHASE_STRIP = NO;
				DEBUG_INFORMATION_FORMAT = dwarf;
				ENABLE_STRICT_OBJC_MSGSEND = YES;
				ENABLE_TESTABILITY = YES;
				GCC_C_LANGUAGE_STANDARD = gnu11;
				GCC_DYNAMIC_NO_PIC = NO;
				GCC_NO_COMMON_BLOCKS = YES;
				GCC_OPTIMIZATION_LEVEL = 0;
				GCC_PREPROCESSOR_DEFINITIONS = (
					"DEBUG=1",
					"$(inherited)",
				);
				GCC_WARN_64_TO_32_BIT_CONVERSION = YES;
				GCC_WARN_ABOUT_RETURN_TYPE = YES_ERROR;
				GCC_WARN_UNDECLARED_SELECTOR = YES;
				GCC_WARN_UNINITIALIZED_AUTOS = YES_AGGRESSIVE;
				GCC_WARN_UNUSED_FUNCTION = YES;
				GCC_WARN_UNUSED_VARIABLE = YES;
				IPHONEOS_DEPLOYMENT_TARGET = 14.3;
				MTL_ENABLE_DEBUG_INFO = INCLUDE_SOURCE;
				MTL_FAST_MATH = YES;
				ONLY_ACTIVE_ARCH = YES;
				SDKROOT = iphoneos;
				SWIFT_ACTIVE_COMPILATION_CONDITIONS = DEBUG;
				SWIFT_OPTIMIZATION_LEVEL = "-Onone";
			};
			name = Debug;
		};
		31168A4025B4868E004D8610 /* Release */ = {
			isa = XCBuildConfiguration;
			buildSettings = {
				ALWAYS_SEARCH_USER_PATHS = NO;
				CLANG_ANALYZER_NONNULL = YES;
				CLANG_ANALYZER_NUMBER_OBJECT_CONVERSION = YES_AGGRESSIVE;
				CLANG_CXX_LANGUAGE_STANDARD = "gnu++14";
				CLANG_CXX_LIBRARY = "libc++";
				CLANG_ENABLE_MODULES = YES;
				CLANG_ENABLE_OBJC_ARC = YES;
				CLANG_ENABLE_OBJC_WEAK = YES;
				CLANG_WARN_BLOCK_CAPTURE_AUTORELEASING = YES;
				CLANG_WARN_BOOL_CONVERSION = YES;
				CLANG_WARN_COMMA = YES;
				CLANG_WARN_CONSTANT_CONVERSION = YES;
				CLANG_WARN_DEPRECATED_OBJC_IMPLEMENTATIONS = YES;
				CLANG_WARN_DIRECT_OBJC_ISA_USAGE = YES_ERROR;
				CLANG_WARN_DOCUMENTATION_COMMENTS = YES;
				CLANG_WARN_EMPTY_BODY = YES;
				CLANG_WARN_ENUM_CONVERSION = YES;
				CLANG_WARN_INFINITE_RECURSION = YES;
				CLANG_WARN_INT_CONVERSION = YES;
				CLANG_WARN_NON_LITERAL_NULL_CONVERSION = YES;
				CLANG_WARN_OBJC_IMPLICIT_RETAIN_SELF = YES;
				CLANG_WARN_OBJC_LITERAL_CONVERSION = YES;
				CLANG_WARN_OBJC_ROOT_CLASS = YES_ERROR;
				CLANG_WARN_QUOTED_INCLUDE_IN_FRAMEWORK_HEADER = YES;
				CLANG_WARN_RANGE_LOOP_ANALYSIS = YES;
				CLANG_WARN_STRICT_PROTOTYPES = YES;
				CLANG_WARN_SUSPICIOUS_MOVE = YES;
				CLANG_WARN_UNGUARDED_AVAILABILITY = YES_AGGRESSIVE;
				CLANG_WARN_UNREACHABLE_CODE = YES;
				CLANG_WARN__DUPLICATE_METHOD_MATCH = YES;
				COPY_PHASE_STRIP = NO;
				DEBUG_INFORMATION_FORMAT = "dwarf-with-dsym";
				ENABLE_NS_ASSERTIONS = NO;
				ENABLE_STRICT_OBJC_MSGSEND = YES;
				GCC_C_LANGUAGE_STANDARD = gnu11;
				GCC_NO_COMMON_BLOCKS = YES;
				GCC_WARN_64_TO_32_BIT_CONVERSION = YES;
				GCC_WARN_ABOUT_RETURN_TYPE = YES_ERROR;
				GCC_WARN_UNDECLARED_SELECTOR = YES;
				GCC_WARN_UNINITIALIZED_AUTOS = YES_AGGRESSIVE;
				GCC_WARN_UNUSED_FUNCTION = YES;
				GCC_WARN_UNUSED_VARIABLE = YES;
				IPHONEOS_DEPLOYMENT_TARGET = 14.3;
				MTL_ENABLE_DEBUG_INFO = NO;
				MTL_FAST_MATH = YES;
				SDKROOT = iphoneos;
				SWIFT_COMPILATION_MODE = wholemodule;
				SWIFT_OPTIMIZATION_LEVEL = "-O";
				VALIDATE_PRODUCT = YES;
			};
			name = Release;
		};
		31168A4225B4868E004D8610 /* Debug */ = {
			isa = XCBuildConfiguration;
			buildSettings = {
				ASSETCATALOG_COMPILER_APPICON_NAME = AppIcon;
				ASSETCATALOG_COMPILER_GLOBAL_ACCENT_COLOR_NAME = AccentColor;
				CODE_SIGN_STYLE = Automatic;
				DEVELOPMENT_TEAM = 58CGJ737Y5;
				INFOPLIST_FILE = CurrencyConversion/Info.plist;
				LD_RUNPATH_SEARCH_PATHS = (
					"$(inherited)",
					"@executable_path/Frameworks",
				);
				PRODUCT_BUNDLE_IDENTIFIER = takuaraki.CurrencyConversion;
				PRODUCT_NAME = "$(TARGET_NAME)";
				SWIFT_VERSION = 5.0;
				TARGETED_DEVICE_FAMILY = "1,2";
			};
			name = Debug;
		};
		31168A4325B4868E004D8610 /* Release */ = {
			isa = XCBuildConfiguration;
			buildSettings = {
				ASSETCATALOG_COMPILER_APPICON_NAME = AppIcon;
				ASSETCATALOG_COMPILER_GLOBAL_ACCENT_COLOR_NAME = AccentColor;
				CODE_SIGN_STYLE = Automatic;
				DEVELOPMENT_TEAM = 58CGJ737Y5;
				INFOPLIST_FILE = CurrencyConversion/Info.plist;
				LD_RUNPATH_SEARCH_PATHS = (
					"$(inherited)",
					"@executable_path/Frameworks",
				);
				PRODUCT_BUNDLE_IDENTIFIER = takuaraki.CurrencyConversion;
				PRODUCT_NAME = "$(TARGET_NAME)";
				SWIFT_VERSION = 5.0;
				TARGETED_DEVICE_FAMILY = "1,2";
			};
			name = Release;
		};
		31168A4525B4868E004D8610 /* Debug */ = {
			isa = XCBuildConfiguration;
			buildSettings = {
				ALWAYS_EMBED_SWIFT_STANDARD_LIBRARIES = YES;
				BUNDLE_LOADER = "$(TEST_HOST)";
				CODE_SIGN_STYLE = Automatic;
				DEVELOPMENT_TEAM = 58CGJ737Y5;
				INFOPLIST_FILE = CurrencyConversionTests/Info.plist;
				IPHONEOS_DEPLOYMENT_TARGET = 14.3;
				LD_RUNPATH_SEARCH_PATHS = (
					"$(inherited)",
					"@executable_path/Frameworks",
					"@loader_path/Frameworks",
				);
				PRODUCT_BUNDLE_IDENTIFIER = takuaraki.CurrencyConversionTests;
				PRODUCT_NAME = "$(TARGET_NAME)";
				SWIFT_VERSION = 5.0;
				TARGETED_DEVICE_FAMILY = "1,2";
				TEST_HOST = "$(BUILT_PRODUCTS_DIR)/CurrencyConversion.app/CurrencyConversion";
			};
			name = Debug;
		};
		31168A4625B4868E004D8610 /* Release */ = {
			isa = XCBuildConfiguration;
			buildSettings = {
				ALWAYS_EMBED_SWIFT_STANDARD_LIBRARIES = YES;
				BUNDLE_LOADER = "$(TEST_HOST)";
				CODE_SIGN_STYLE = Automatic;
				DEVELOPMENT_TEAM = 58CGJ737Y5;
				INFOPLIST_FILE = CurrencyConversionTests/Info.plist;
				IPHONEOS_DEPLOYMENT_TARGET = 14.3;
				LD_RUNPATH_SEARCH_PATHS = (
					"$(inherited)",
					"@executable_path/Frameworks",
					"@loader_path/Frameworks",
				);
				PRODUCT_BUNDLE_IDENTIFIER = takuaraki.CurrencyConversionTests;
				PRODUCT_NAME = "$(TARGET_NAME)";
				SWIFT_VERSION = 5.0;
				TARGETED_DEVICE_FAMILY = "1,2";
				TEST_HOST = "$(BUILT_PRODUCTS_DIR)/CurrencyConversion.app/CurrencyConversion";
			};
			name = Release;
		};
		31168A4825B4868E004D8610 /* Debug */ = {
			isa = XCBuildConfiguration;
			buildSettings = {
				ALWAYS_EMBED_SWIFT_STANDARD_LIBRARIES = YES;
				CODE_SIGN_STYLE = Automatic;
				DEVELOPMENT_TEAM = 58CGJ737Y5;
				INFOPLIST_FILE = CurrencyConversionUITests/Info.plist;
				LD_RUNPATH_SEARCH_PATHS = (
					"$(inherited)",
					"@executable_path/Frameworks",
					"@loader_path/Frameworks",
				);
				PRODUCT_BUNDLE_IDENTIFIER = takuaraki.CurrencyConversionUITests;
				PRODUCT_NAME = "$(TARGET_NAME)";
				SWIFT_VERSION = 5.0;
				TARGETED_DEVICE_FAMILY = "1,2";
				TEST_TARGET_NAME = CurrencyConversion;
			};
			name = Debug;
		};
		31168A4925B4868E004D8610 /* Release */ = {
			isa = XCBuildConfiguration;
			buildSettings = {
				ALWAYS_EMBED_SWIFT_STANDARD_LIBRARIES = YES;
				CODE_SIGN_STYLE = Automatic;
				DEVELOPMENT_TEAM = 58CGJ737Y5;
				INFOPLIST_FILE = CurrencyConversionUITests/Info.plist;
				LD_RUNPATH_SEARCH_PATHS = (
					"$(inherited)",
					"@executable_path/Frameworks",
					"@loader_path/Frameworks",
				);
				PRODUCT_BUNDLE_IDENTIFIER = takuaraki.CurrencyConversionUITests;
				PRODUCT_NAME = "$(TARGET_NAME)";
				SWIFT_VERSION = 5.0;
				TARGETED_DEVICE_FAMILY = "1,2";
				TEST_TARGET_NAME = CurrencyConversion;
			};
			name = Release;
		};
/* End XCBuildConfiguration section */

/* Begin XCConfigurationList section */
		31168A1225B4868B004D8610 /* Build configuration list for PBXProject "CurrencyConversion" */ = {
			isa = XCConfigurationList;
			buildConfigurations = (
				31168A3F25B4868E004D8610 /* Debug */,
				31168A4025B4868E004D8610 /* Release */,
			);
			defaultConfigurationIsVisible = 0;
			defaultConfigurationName = Release;
		};
		31168A4125B4868E004D8610 /* Build configuration list for PBXNativeTarget "CurrencyConversion" */ = {
			isa = XCConfigurationList;
			buildConfigurations = (
				31168A4225B4868E004D8610 /* Debug */,
				31168A4325B4868E004D8610 /* Release */,
			);
			defaultConfigurationIsVisible = 0;
			defaultConfigurationName = Release;
		};
		31168A4425B4868E004D8610 /* Build configuration list for PBXNativeTarget "CurrencyConversionTests" */ = {
			isa = XCConfigurationList;
			buildConfigurations = (
				31168A4525B4868E004D8610 /* Debug */,
				31168A4625B4868E004D8610 /* Release */,
			);
			defaultConfigurationIsVisible = 0;
			defaultConfigurationName = Release;
		};
		31168A4725B4868E004D8610 /* Build configuration list for PBXNativeTarget "CurrencyConversionUITests" */ = {
			isa = XCConfigurationList;
			buildConfigurations = (
				31168A4825B4868E004D8610 /* Debug */,
				31168A4925B4868E004D8610 /* Release */,
			);
			defaultConfigurationIsVisible = 0;
			defaultConfigurationName = Release;
		};
/* End XCConfigurationList section */

/* Begin XCRemoteSwiftPackageReference section */
		31168A7B25B48AD0004D8610 /* XCRemoteSwiftPackageReference "RxSwift" */ = {
			isa = XCRemoteSwiftPackageReference;
			repositoryURL = "https://github.com/ReactiveX/RxSwift.git";
			requirement = {
				kind = exactVersion;
				version = 5.1.1;
			};
		};
		31168A8325B48BE2004D8610 /* XCRemoteSwiftPackageReference "realm-cocoa" */ = {
			isa = XCRemoteSwiftPackageReference;
			repositoryURL = "https://github.com/realm/realm-cocoa.git";
			requirement = {
				kind = upToNextMajorVersion;
				minimumVersion = 10.5.1;
			};
		};
/* End XCRemoteSwiftPackageReference section */

/* Begin XCSwiftPackageProductDependency section */
		31168A7C25B48AD0004D8610 /* RxCocoa */ = {
			isa = XCSwiftPackageProductDependency;
			package = 31168A7B25B48AD0004D8610 /* XCRemoteSwiftPackageReference "RxSwift" */;
			productName = RxCocoa;
		};
		31168A7E25B48AD0004D8610 /* RxSwift */ = {
			isa = XCSwiftPackageProductDependency;
			package = 31168A7B25B48AD0004D8610 /* XCRemoteSwiftPackageReference "RxSwift" */;
			productName = RxSwift;
		};
		31168A8425B48BE2004D8610 /* Realm */ = {
			isa = XCSwiftPackageProductDependency;
			package = 31168A8325B48BE2004D8610 /* XCRemoteSwiftPackageReference "realm-cocoa" */;
			productName = Realm;
		};
		31168A8625B48BE2004D8610 /* RealmSwift */ = {
			isa = XCSwiftPackageProductDependency;
			package = 31168A8325B48BE2004D8610 /* XCRemoteSwiftPackageReference "realm-cocoa" */;
			productName = RealmSwift;
		};
/* End XCSwiftPackageProductDependency section */
	};
	rootObject = 31168A0F25B4868B004D8610 /* Project object */;
}
